<Solution>
  <Project Path="ManaFox.Core/ManaFox.Core.csproj" />
  <Project Path="ManaFox.Databases.Core/ManaFox.Databases.Core.csproj" Id="f8949db0-5181-42f1-8f6f-b1e89ff110bd" />
  <Project Path="ManaFox.Databases.Extensions/ManaFox.Databases.Extensions.csproj" Id="a5ee8461-ecd5-4f81-b5e7-ed718972800b" />
  <Project Path="ManaFox.Databases.Migrations/ManaFox.Databases.Migrations.csproj" Id="472a3220-bf84-4169-9618-e8bf3eb8a399" />
  <Project Path="ManaFox.Databases.TSQL/ManaFox.Databases.TSQL.csproj" Id="f111dec8-dfbb-4647-8812-ed7128ccfc92" />
  <Project Path="ManaFox.Extensions/ManaFox.Extensions.csproj" Id="5d76922e-3f7e-45df-a4d3-05de886d0473" />
  <Project Path="ManaFox.Tests/ManaFox.Tests.csproj" Id="0f31b4a5-b02a-4ddf-bb98-b01431ecfd1b" />
</Solution>
